<?xml version="1.0" encoding="utf-8"?>
<Project ToolsVersion="4.0" xmlns="http://schemas.microsoft.com/developer/msbuild/2003">
  <ItemGroup>
    <Filter Include="Исходные файлы">
      <UniqueIdentifier>{4FC737F1-C7A5-4376-A066-2A32D752A2FF}</UniqueIdentifier>
      <Extensions>cpp;c;cc;cxx;c++;cppm;ixx;def;odl;idl;hpj;bat;asm;asmx</Extensions>
    </Filter>
    <Filter Include="Файлы заголовков">
      <UniqueIdentifier>{93995380-89BD-4b04-88EB-625FBE52EBFB}</UniqueIdentifier>
      <Extensions>h;hh;hpp;hxx;h++;hm;inl;inc;ipp;xsd</Extensions>
    </Filter>
    <Filter Include="Файлы ресурсов">
      <UniqueIdentifier>{67DA6AB6-F800-4c08-8B7A-83BB121AAD01}</UniqueIdentifier>
      <Extensions>rc;ico;cur;bmp;dlg;rc2;rct;bin;rgs;gif;jpg;jpeg;jpe;resx;tiff;tif;png;wav;mfcribbon-ms</Extensions>
    </Filter>
    <Filter Include="Factory">
      <UniqueIdentifier>{6594714d-0eae-4b2c-8555-2f0e4fbc2d38}</UniqueIdentifier>
    </Filter>
    <Filter Include="Factory\Cpp">
      <UniqueIdentifier>{6720124c-397f-448c-b665-a11b191a529f}</UniqueIdentifier>
    </Filter>
    <Filter Include="Factory\Header">
      <UniqueIdentifier>{a110977c-b780-4af5-92df-92054bb03273}</UniqueIdentifier>
    </Filter>
    <Filter Include="Enemies">
      <UniqueIdentifier>{09683882-d66b-4b56-ad50-84230f0fe90b}</UniqueIdentifier>
    </Filter>
    <Filter Include="Enemies\Headers">
      <UniqueIdentifier>{5b83bbdb-f547-43bb-8d8a-d406dde578cb}</UniqueIdentifier>
    </Filter>
    <Filter Include="Enemies\Cpp">
      <UniqueIdentifier>{41b3dcfb-9aed-4c9f-85ca-682605cb9eca}</UniqueIdentifier>
    </Filter>
  </ItemGroup>
  <ItemGroup>
    <ClCompile Include="app.cpp">
      <Filter>Исходные файлы</Filter>
    </ClCompile>
    <ClCompile Include="EnemyAbstract.cpp">
      <Filter>Enemies\Cpp</Filter>
    </ClCompile>
    <ClCompile Include="Dragon.cpp">
      <Filter>Enemies\Cpp</Filter>
    </ClCompile>
    <ClCompile Include="EnemiesFactory.cpp">
      <Filter>Factory\Cpp</Filter>
    </ClCompile>
    <ClCompile Include="Goblin.cpp">
      <Filter>Enemies\Cpp</Filter>
    </ClCompile>
  </ItemGroup>
  <ItemGroup>
    <ClInclude Include="Dragon.h">
      <Filter>Enemies\Headers</Filter>
    </ClInclude>
    <ClInclude Include="EnemyTypes.h">
      <Filter>Enemies\Headers</Filter>
    </ClInclude>
    <ClInclude Include="EnemyAbstract.h">
      <Filter>Enemies\Headers</Filter>
    </ClInclude>
    <ClInclude Include="EnemiesFactory.h">
      <Filter>Factory\Header</Filter>
    </ClInclude>
    <ClInclude Include="Goblin.h">
      <Filter>Enemies\Headers</Filter>
    </ClInclude>
  </ItemGroup>
</Project>